
Microsoft Visual Studio Solution File, Format Version 12.00
Project("{FAE04EC0-301F-11D3-BF4B-00C04F79EFBC}") = "BookHub", "BookHub\BookHub.csproj", "{CEB88B7E-1D40-48A9-892F-D6DD5954BBC2}"
EndProject
Global
	GlobalSection(SolutionConfigurationPlatforms) = preSolution
		Debug|Any CPU = Debug|Any CPU
		Release|Any CPU = Release|Any CPU
	EndGlobalSection
	GlobalSection(ProjectConfigurationPlatforms) = postSolution
		{CEB88B7E-1D40-48A9-892F-D6DD5954BBC2}.Debug|Any CPU.ActiveCfg = Debug|Any CPU
		{CEB88B7E-1D40-48A9-892F-D6DD5954BBC2}.Debug|Any CPU.Build.0 = Debug|Any CPU
		{CEB88B7E-1D40-48A9-892F-D6DD5954BBC2}.Release|Any CPU.ActiveCfg = Release|Any CPU
		{CEB88B7E-1D40-48A9-892F-D6DD5954BBC2}.Release|Any CPU.Build.0 = Release|Any CPU
	EndGlobalSection
EndGlobal
